{
    "_meta": {
        "hash": {
            "sha256": "74e8fe3e6d4f06c9a8eb6faec6ed2b00a2575d722d341ad7a9eb6eddd7996293"
        },
        "requires": {},
        "sources": [
            {
                "url": "https://pypi.python.org/simple",
                "verify_ssl": true
            }
        ]
    },
    "default": {
        "Flask": {
            "version": "==0.12.2"
        },
        "Jinja2": {
            "version": "==2.9.6"
        },
        "MarkupSafe": {
            "version": "==1.0"
        },
        "Werkzeug": {
            "version": "==0.12.2"
        },
        "click": {
            "version": "==6.7"
        },
        "giveme": {
            "version": "==0.2.0"
        },
        "gunicorn": {
            "version": "==19.7.1"
        },
        "itsdangerous": {
            "version": "==0.24"
        },
        "numpy": {
            "version": "==1.13.0"
        },
        "redis": {
            "version": "==2.10.5"
        },
        "speedyspotify": {
            "git": "git://github.com/steinitzu/speedyspotify.git"
        }
    },
    "develop": {}
}