{
    "_meta": {
        "hash": {
            "sha256": "8e08d3b54840ad30a86017cb4144dae700eaf64050442fbb52c43d755f8677f3"
        },
        "requires": {},
        "sources": [
            {
                "url": "https://pypi.python.org/simple",
                "verify_ssl": true
            }
        ]
    },
    "default": {
        "certifi": {
            "version": "==2017.4.17"
        },
        "chardet": {
            "version": "==3.0.3"
        },
        "gevent": {
            "version": "==1.2.1"
        },
        "giveme": {
            "version": "==0.2.0"
        },
        "greenlet": {
            "version": "==0.4.12"
        },
        "idna": {
            "version": "==2.5"
        },
        "redis": {
            "version": "==2.10.5"
        },
        "requests": {
            "version": "==2.17.3"
        },
        "speedyspotify": {
            "version": "==0.2.0"
        },
        "urllib3": {
            "version": "==1.21.1"
        }
    },
    "develop": {}
}